
Microsoft Visual Studio Solution File, Format Version 12.00
# Visual Studio Version 17
VisualStudioVersion = 17.1.32328.378
MinimumVisualStudioVersion = 10.0.40219.1
Project("{FAE04EC0-301F-11D3-BF4B-00C04F79EFBC}") = "MindBoxSql", "MindBoxSql\MindBoxSql.csproj", "{1638029F-E750-4942-87C3-19A6F6DDAF6B}"
EndProject
Global
	GlobalSection(SolutionConfigurationPlatforms) = preSolution
		Debug|Any CPU = Debug|Any CPU
		Release|Any CPU = Release|Any CPU
	EndGlobalSection
	GlobalSection(ProjectConfigurationPlatforms) = postSolution
		{1638029F-E750-4942-87C3-19A6F6DDAF6B}.Debug|Any CPU.ActiveCfg = Debug|Any CPU
		{1638029F-E750-4942-87C3-19A6F6DDAF6B}.Debug|Any CPU.Build.0 = Debug|Any CPU
		{1638029F-E750-4942-87C3-19A6F6DDAF6B}.Release|Any CPU.ActiveCfg = Release|Any CPU
		{1638029F-E750-4942-87C3-19A6F6DDAF6B}.Release|Any CPU.Build.0 = Release|Any CPU
	EndGlobalSection
	GlobalSection(SolutionProperties) = preSolution
		HideSolutionNode = FALSE
	EndGlobalSection
	GlobalSection(ExtensibilityGlobals) = postSolution
		SolutionGuid = {D48B28B1-2D8D-4E8D-87D5-1B58690420E3}
	EndGlobalSection
EndGlobal
